
Microsoft Visual Studio Solution File, Format Version 12.00
# Visual Studio Version 17
VisualStudioVersion = 17.11.35208.52
MinimumVisualStudioVersion = 10.0.40219.1
Project("{FAE04EC0-301F-11D3-BF4B-00C04F79EFBC}") = "Chat Application", "Chat Application\Chat Application.csproj", "{982EE992-F7B9-480C-827D-E83C42490ED3}"
EndProject
Global
	GlobalSection(SolutionConfigurationPlatforms) = preSolution
		Debug|Any CPU = Debug|Any CPU
		Release|Any CPU = Release|Any CPU
	EndGlobalSection
	GlobalSection(ProjectConfigurationPlatforms) = postSolution
		{982EE992-F7B9-480C-827D-E83C42490ED3}.Debug|Any CPU.ActiveCfg = Debug|Any CPU
		{982EE992-F7B9-480C-827D-E83C42490ED3}.Debug|Any CPU.Build.0 = Debug|Any CPU
		{982EE992-F7B9-480C-827D-E83C42490ED3}.Release|Any CPU.ActiveCfg = Release|Any CPU
		{982EE992-F7B9-480C-827D-E83C42490ED3}.Release|Any CPU.Build.0 = Release|Any CPU
	EndGlobalSection
	GlobalSection(SolutionProperties) = preSolution
		HideSolutionNode = FALSE
	EndGlobalSection
	GlobalSection(ExtensibilityGlobals) = postSolution
		SolutionGuid = {8A6DA9B8-41CD-46F4-9C8A-2BC60783C5EC}
	EndGlobalSection
EndGlobal
